# This file is automatically @generated by Cargo.
# It is not intended for manual editing.
version = 4

[[package]]
name = "rosetree"
version = "0.1.0"
dependencies = [
 "vers-vecs",
]

[[package]]
name = "vers-vecs"
version = "1.10.2"
source = "registry+https://github.com/rust-lang/crates.io-index"
checksum = "4ab7f54690e244b9c886609bc08e12d0cf4738c3a780214642598674cffef6a9"
